
Microsoft Visual Studio Solution File, Format Version 12.00
# Visual Studio 2012
Project("{FAE04EC0-301F-11D3-BF4B-00C04F79EFBC}") = "ShopBook", "ShopBook\ShopBook.csproj", "{026D8387-B084-4CC7-9612-F23A54B12BEB}"
EndProject
Global
	GlobalSection(SolutionConfigurationPlatforms) = preSolution
		Debug|Any CPU = Debug|Any CPU
		Release|Any CPU = Release|Any CPU
	EndGlobalSection
	GlobalSection(ProjectConfigurationPlatforms) = postSolution
		{026D8387-B084-4CC7-9612-F23A54B12BEB}.Debug|Any CPU.ActiveCfg = Debug|Any CPU
		{026D8387-B084-4CC7-9612-F23A54B12BEB}.Debug|Any CPU.Build.0 = Debug|Any CPU
		{026D8387-B084-4CC7-9612-F23A54B12BEB}.Release|Any CPU.ActiveCfg = Release|Any CPU
		{026D8387-B084-4CC7-9612-F23A54B12BEB}.Release|Any CPU.Build.0 = Release|Any CPU
	EndGlobalSection
EndGlobal
